
Microsoft Visual Studio Solution File, Format Version 12.00
# Visual Studio Version 17
VisualStudioVersion = 17.4.33213.308
MinimumVisualStudioVersion = 10.0.40219.1
Project("{FAE04EC0-301F-11D3-BF4B-00C04F79EFBC}") = "CcsSportScheduler_API", "CcsSportScheduler_API\CcsSportScheduler_API.csproj", "{2FBE1FFB-B1D3-4C1E-9DD4-6A0540D5D04A}"
EndProject
Project("{FAE04EC0-301F-11D3-BF4B-00C04F79EFBC}") = "CcsSportScheduler_Database", "CcsSportScheduler_Database\CcsSportScheduler_Database.csproj", "{D729D161-61E1-443A-ADBA-7E1DCA9D3A94}"
EndProject
Global
	GlobalSection(SolutionConfigurationPlatforms) = preSolution
		Debug|Any CPU = Debug|Any CPU
		Release|Any CPU = Release|Any CPU
	EndGlobalSection
	GlobalSection(ProjectConfigurationPlatforms) = postSolution
		{2FBE1FFB-B1D3-4C1E-9DD4-6A0540D5D04A}.Debug|Any CPU.ActiveCfg = Debug|Any CPU
		{2FBE1FFB-B1D3-4C1E-9DD4-6A0540D5D04A}.Debug|Any CPU.Build.0 = Debug|Any CPU
		{2FBE1FFB-B1D3-4C1E-9DD4-6A0540D5D04A}.Release|Any CPU.ActiveCfg = Release|Any CPU
		{2FBE1FFB-B1D3-4C1E-9DD4-6A0540D5D04A}.Release|Any CPU.Build.0 = Release|Any CPU
		{D729D161-61E1-443A-ADBA-7E1DCA9D3A94}.Debug|Any CPU.ActiveCfg = Debug|Any CPU
		{D729D161-61E1-443A-ADBA-7E1DCA9D3A94}.Debug|Any CPU.Build.0 = Debug|Any CPU
		{D729D161-61E1-443A-ADBA-7E1DCA9D3A94}.Release|Any CPU.ActiveCfg = Release|Any CPU
		{D729D161-61E1-443A-ADBA-7E1DCA9D3A94}.Release|Any CPU.Build.0 = Release|Any CPU
	EndGlobalSection
	GlobalSection(SolutionProperties) = preSolution
		HideSolutionNode = FALSE
	EndGlobalSection
	GlobalSection(ExtensibilityGlobals) = postSolution
		SolutionGuid = {DDC6F4BC-A7DF-41F6-81C5-22E7196CF3F7}
	EndGlobalSection
EndGlobal
