
Microsoft Visual Studio Solution File, Format Version 12.00
# Visual Studio Version 17
VisualStudioVersion = 17.0.31903.59
MinimumVisualStudioVersion = 10.0.40219.1
Project("{9A19103F-16F7-4668-BE54-9A1E7A4F7556}") = "UniversalEsir", "UniversalEsir\UniversalEsir.csproj", "{3692A169-C834-424A-A8D7-DEF2A3DCAE1B}"
EndProject
Project("{9A19103F-16F7-4668-BE54-9A1E7A4F7556}") = "UniversalEsir_Mutex", "UniversalEsir_Mutex\UniversalEsir_Mutex.csproj", "{8CF4ED8B-0616-4F13-8275-B31595891BC7}"
EndProject
Project("{9A19103F-16F7-4668-BE54-9A1E7A4F7556}") = "UniversalEsir_Settings", "UniversalEsir_Settings\UniversalEsir_Settings.csproj", "{2D293963-7D20-404E-9275-139F5A194C5A}"
EndProject
Project("{9A19103F-16F7-4668-BE54-9A1E7A4F7556}") = "UniversalEsir_Common", "UniversalEsir_Common\UniversalEsir_Common.csproj", "{9829C080-5338-4A9F-A180-365FFB198912}"
EndProject
Project("{9A19103F-16F7-4668-BE54-9A1E7A4F7556}") = "UniversalEsir_API", "UniversalEsir_API\UniversalEsir_API.csproj", "{C06C0672-E459-4756-AAE9-5142A59FC23A}"
EndProject
Project("{9A19103F-16F7-4668-BE54-9A1E7A4F7556}") = "UniversalEsir_Database", "UniversalEsir_Database\UniversalEsir_Database.csproj", "{C1AC5DFF-D464-4E6F-9C0B-4D25291CDAA8}"
EndProject
Project("{9A19103F-16F7-4668-BE54-9A1E7A4F7556}") = "UniversalEsir_Logging", "UniversalEsir_Logging\UniversalEsir_Logging.csproj", "{9D03DF41-8D24-4D5E-8932-BAC6CE743D53}"
EndProject
Project("{9A19103F-16F7-4668-BE54-9A1E7A4F7556}") = "UniversalEsir_InputOutputExcelFiles", "UniversalEsir_InputOutputExcelFiles\UniversalEsir_InputOutputExcelFiles.csproj", "{D298F0B7-5CBC-40EB-B636-75430B7F142A}"
EndProject
Project("{9A19103F-16F7-4668-BE54-9A1E7A4F7556}") = "UniversalEsir_Printer", "UniversalEsir_Printer\UniversalEsir_Printer.csproj", "{DF179683-CB9A-4C61-B7EE-F5336B7FE105}"
EndProject
Project("{9A19103F-16F7-4668-BE54-9A1E7A4F7556}") = "UniversalEsir_Report", "UniversalEsir_Report\UniversalEsir_Report.csproj", "{FA210782-BECC-4CEA-8BFE-571F0D52A6E6}"
EndProject
Project("{9A19103F-16F7-4668-BE54-9A1E7A4F7556}") = "UniversalEsir_eFaktura", "UniversalEsir_eFaktura\UniversalEsir_eFaktura.csproj", "{E26BD782-CFCB-4C84-852D-5010A2B43270}"
EndProject
Project("{54435603-DBB4-11D2-8724-00A0C9A8B90C}") = "Setup_x86", "Setup_x86\Setup_x86.vdproj", "{53C03211-E309-443A-8970-814C64A901C9}"
EndProject
Project("{FAE04EC0-301F-11D3-BF4B-00C04F79EFBC}") = "UniversalEsir_SportSchedulerAPI", "UniversalEsir_SportSchedulerAPI\UniversalEsir_SportSchedulerAPI.csproj", "{F396F8CB-2D18-485B-8BAD-803D67D9B250}"
EndProject
Global
	GlobalSection(SolutionConfigurationPlatforms) = preSolution
		Crno|Any CPU = Crno|Any CPU
		Crno|x64 = Crno|x64
		Crno|x86 = Crno|x86
		Debug|Any CPU = Debug|Any CPU
		Debug|x64 = Debug|x64
		Debug|x86 = Debug|x86
		Release|Any CPU = Release|Any CPU
		Release|x64 = Release|x64
		Release|x86 = Release|x86
	EndGlobalSection
	GlobalSection(ProjectConfigurationPlatforms) = postSolution
		{3692A169-C834-424A-A8D7-DEF2A3DCAE1B}.Crno|Any CPU.ActiveCfg = Crno|Any CPU
		{3692A169-C834-424A-A8D7-DEF2A3DCAE1B}.Crno|Any CPU.Build.0 = Crno|Any CPU
		{3692A169-C834-424A-A8D7-DEF2A3DCAE1B}.Crno|x64.ActiveCfg = Crno|x64
		{3692A169-C834-424A-A8D7-DEF2A3DCAE1B}.Crno|x86.ActiveCfg = Crno|x86
		{3692A169-C834-424A-A8D7-DEF2A3DCAE1B}.Crno|x86.Build.0 = Crno|x86
		{3692A169-C834-424A-A8D7-DEF2A3DCAE1B}.Debug|Any CPU.ActiveCfg = Debug|Any CPU
		{3692A169-C834-424A-A8D7-DEF2A3DCAE1B}.Debug|Any CPU.Build.0 = Debug|Any CPU
		{3692A169-C834-424A-A8D7-DEF2A3DCAE1B}.Debug|x64.ActiveCfg = Debug|x64
		{3692A169-C834-424A-A8D7-DEF2A3DCAE1B}.Debug|x64.Build.0 = Debug|x64
		{3692A169-C834-424A-A8D7-DEF2A3DCAE1B}.Debug|x86.ActiveCfg = Debug|x86
		{3692A169-C834-424A-A8D7-DEF2A3DCAE1B}.Debug|x86.Build.0 = Debug|x86
		{3692A169-C834-424A-A8D7-DEF2A3DCAE1B}.Release|Any CPU.ActiveCfg = Release|Any CPU
		{3692A169-C834-424A-A8D7-DEF2A3DCAE1B}.Release|Any CPU.Build.0 = Release|Any CPU
		{3692A169-C834-424A-A8D7-DEF2A3DCAE1B}.Release|x64.ActiveCfg = Release|x64
		{3692A169-C834-424A-A8D7-DEF2A3DCAE1B}.Release|x64.Build.0 = Release|x64
		{3692A169-C834-424A-A8D7-DEF2A3DCAE1B}.Release|x86.ActiveCfg = Release|x86
		{3692A169-C834-424A-A8D7-DEF2A3DCAE1B}.Release|x86.Build.0 = Release|x86
		{8CF4ED8B-0616-4F13-8275-B31595891BC7}.Crno|Any CPU.ActiveCfg = Crno|Any CPU
		{8CF4ED8B-0616-4F13-8275-B31595891BC7}.Crno|Any CPU.Build.0 = Crno|Any CPU
		{8CF4ED8B-0616-4F13-8275-B31595891BC7}.Crno|x64.ActiveCfg = Crno|x64
		{8CF4ED8B-0616-4F13-8275-B31595891BC7}.Crno|x86.ActiveCfg = Crno|x86
		{8CF4ED8B-0616-4F13-8275-B31595891BC7}.Crno|x86.Build.0 = Crno|x86
		{8CF4ED8B-0616-4F13-8275-B31595891BC7}.Debug|Any CPU.ActiveCfg = Debug|Any CPU
		{8CF4ED8B-0616-4F13-8275-B31595891BC7}.Debug|Any CPU.Build.0 = Debug|Any CPU
		{8CF4ED8B-0616-4F13-8275-B31595891BC7}.Debug|x64.ActiveCfg = Debug|x64
		{8CF4ED8B-0616-4F13-8275-B31595891BC7}.Debug|x64.Build.0 = Debug|x64
		{8CF4ED8B-0616-4F13-8275-B31595891BC7}.Debug|x86.ActiveCfg = Debug|x86
		{8CF4ED8B-0616-4F13-8275-B31595891BC7}.Debug|x86.Build.0 = Debug|x86
		{8CF4ED8B-0616-4F13-8275-B31595891BC7}.Release|Any CPU.ActiveCfg = Release|Any CPU
		{8CF4ED8B-0616-4F13-8275-B31595891BC7}.Release|Any CPU.Build.0 = Release|Any CPU
		{8CF4ED8B-0616-4F13-8275-B31595891BC7}.Release|x64.ActiveCfg = Release|x64
		{8CF4ED8B-0616-4F13-8275-B31595891BC7}.Release|x64.Build.0 = Release|x64
		{8CF4ED8B-0616-4F13-8275-B31595891BC7}.Release|x86.ActiveCfg = Release|x86
		{8CF4ED8B-0616-4F13-8275-B31595891BC7}.Release|x86.Build.0 = Release|x86
		{2D293963-7D20-404E-9275-139F5A194C5A}.Crno|Any CPU.ActiveCfg = Crno|Any CPU
		{2D293963-7D20-404E-9275-139F5A194C5A}.Crno|Any CPU.Build.0 = Crno|Any CPU
		{2D293963-7D20-404E-9275-139F5A194C5A}.Crno|x64.ActiveCfg = Crno|x64
		{2D293963-7D20-404E-9275-139F5A194C5A}.Crno|x86.ActiveCfg = Crno|x86
		{2D293963-7D20-404E-9275-139F5A194C5A}.Crno|x86.Build.0 = Crno|x86
		{2D293963-7D20-404E-9275-139F5A194C5A}.Debug|Any CPU.ActiveCfg = Debug|Any CPU
		{2D293963-7D20-404E-9275-139F5A194C5A}.Debug|Any CPU.Build.0 = Debug|Any CPU
		{2D293963-7D20-404E-9275-139F5A194C5A}.Debug|x64.ActiveCfg = Debug|x64
		{2D293963-7D20-404E-9275-139F5A194C5A}.Debug|x64.Build.0 = Debug|x64
		{2D293963-7D20-404E-9275-139F5A194C5A}.Debug|x86.ActiveCfg = Debug|x86
		{2D293963-7D20-404E-9275-139F5A194C5A}.Debug|x86.Build.0 = Debug|x86
		{2D293963-7D20-404E-9275-139F5A194C5A}.Release|Any CPU.ActiveCfg = Release|Any CPU
		{2D293963-7D20-404E-9275-139F5A194C5A}.Release|Any CPU.Build.0 = Release|Any CPU
		{2D293963-7D20-404E-9275-139F5A194C5A}.Release|x64.ActiveCfg = Release|x64
		{2D293963-7D20-404E-9275-139F5A194C5A}.Release|x64.Build.0 = Release|x64
		{2D293963-7D20-404E-9275-139F5A194C5A}.Release|x86.ActiveCfg = Release|x86
		{2D293963-7D20-404E-9275-139F5A194C5A}.Release|x86.Build.0 = Release|x86
		{9829C080-5338-4A9F-A180-365FFB198912}.Crno|Any CPU.ActiveCfg = Crno|Any CPU
		{9829C080-5338-4A9F-A180-365FFB198912}.Crno|Any CPU.Build.0 = Crno|Any CPU
		{9829C080-5338-4A9F-A180-365FFB198912}.Crno|x64.ActiveCfg = Crno|x64
		{9829C080-5338-4A9F-A180-365FFB198912}.Crno|x86.ActiveCfg = Crno|x86
		{9829C080-5338-4A9F-A180-365FFB198912}.Crno|x86.Build.0 = Crno|x86
		{9829C080-5338-4A9F-A180-365FFB198912}.Debug|Any CPU.ActiveCfg = Debug|Any CPU
		{9829C080-5338-4A9F-A180-365FFB198912}.Debug|Any CPU.Build.0 = Debug|Any CPU
		{9829C080-5338-4A9F-A180-365FFB198912}.Debug|x64.ActiveCfg = Debug|x64
		{9829C080-5338-4A9F-A180-365FFB198912}.Debug|x64.Build.0 = Debug|x64
		{9829C080-5338-4A9F-A180-365FFB198912}.Debug|x86.ActiveCfg = Debug|x86
		{9829C080-5338-4A9F-A180-365FFB198912}.Debug|x86.Build.0 = Debug|x86
		{9829C080-5338-4A9F-A180-365FFB198912}.Release|Any CPU.ActiveCfg = Release|Any CPU
		{9829C080-5338-4A9F-A180-365FFB198912}.Release|Any CPU.Build.0 = Release|Any CPU
		{9829C080-5338-4A9F-A180-365FFB198912}.Release|x64.ActiveCfg = Release|x64
		{9829C080-5338-4A9F-A180-365FFB198912}.Release|x64.Build.0 = Release|x64
		{9829C080-5338-4A9F-A180-365FFB198912}.Release|x86.ActiveCfg = Release|x86
		{9829C080-5338-4A9F-A180-365FFB198912}.Release|x86.Build.0 = Release|x86
		{C06C0672-E459-4756-AAE9-5142A59FC23A}.Crno|Any CPU.ActiveCfg = Crno|Any CPU
		{C06C0672-E459-4756-AAE9-5142A59FC23A}.Crno|Any CPU.Build.0 = Crno|Any CPU
		{C06C0672-E459-4756-AAE9-5142A59FC23A}.Crno|x64.ActiveCfg = Crno|x64
		{C06C0672-E459-4756-AAE9-5142A59FC23A}.Crno|x86.ActiveCfg = Crno|x86
		{C06C0672-E459-4756-AAE9-5142A59FC23A}.Crno|x86.Build.0 = Crno|x86
		{C06C0672-E459-4756-AAE9-5142A59FC23A}.Debug|Any CPU.ActiveCfg = Debug|Any CPU
		{C06C0672-E459-4756-AAE9-5142A59FC23A}.Debug|Any CPU.Build.0 = Debug|Any CPU
		{C06C0672-E459-4756-AAE9-5142A59FC23A}.Debug|x64.ActiveCfg = Debug|x64
		{C06C0672-E459-4756-AAE9-5142A59FC23A}.Debug|x64.Build.0 = Debug|x64
		{C06C0672-E459-4756-AAE9-5142A59FC23A}.Debug|x86.ActiveCfg = Debug|x86
		{C06C0672-E459-4756-AAE9-5142A59FC23A}.Debug|x86.Build.0 = Debug|x86
		{C06C0672-E459-4756-AAE9-5142A59FC23A}.Release|Any CPU.ActiveCfg = Release|Any CPU
		{C06C0672-E459-4756-AAE9-5142A59FC23A}.Release|Any CPU.Build.0 = Release|Any CPU
		{C06C0672-E459-4756-AAE9-5142A59FC23A}.Release|x64.ActiveCfg = Release|x64
		{C06C0672-E459-4756-AAE9-5142A59FC23A}.Release|x64.Build.0 = Release|x64
		{C06C0672-E459-4756-AAE9-5142A59FC23A}.Release|x86.ActiveCfg = Release|x86
		{C06C0672-E459-4756-AAE9-5142A59FC23A}.Release|x86.Build.0 = Release|x86
		{C1AC5DFF-D464-4E6F-9C0B-4D25291CDAA8}.Crno|Any CPU.ActiveCfg = Crno|Any CPU
		{C1AC5DFF-D464-4E6F-9C0B-4D25291CDAA8}.Crno|Any CPU.Build.0 = Crno|Any CPU
		{C1AC5DFF-D464-4E6F-9C0B-4D25291CDAA8}.Crno|x64.ActiveCfg = Crno|x64
		{C1AC5DFF-D464-4E6F-9C0B-4D25291CDAA8}.Crno|x86.ActiveCfg = Crno|x86
		{C1AC5DFF-D464-4E6F-9C0B-4D25291CDAA8}.Crno|x86.Build.0 = Crno|x86
		{C1AC5DFF-D464-4E6F-9C0B-4D25291CDAA8}.Debug|Any CPU.ActiveCfg = Debug|Any CPU
		{C1AC5DFF-D464-4E6F-9C0B-4D25291CDAA8}.Debug|Any CPU.Build.0 = Debug|Any CPU
		{C1AC5DFF-D464-4E6F-9C0B-4D25291CDAA8}.Debug|x64.ActiveCfg = Debug|x64
		{C1AC5DFF-D464-4E6F-9C0B-4D25291CDAA8}.Debug|x64.Build.0 = Debug|x64
		{C1AC5DFF-D464-4E6F-9C0B-4D25291CDAA8}.Debug|x86.ActiveCfg = Debug|x86
		{C1AC5DFF-D464-4E6F-9C0B-4D25291CDAA8}.Debug|x86.Build.0 = Debug|x86
		{C1AC5DFF-D464-4E6F-9C0B-4D25291CDAA8}.Release|Any CPU.ActiveCfg = Release|Any CPU
		{C1AC5DFF-D464-4E6F-9C0B-4D25291CDAA8}.Release|Any CPU.Build.0 = Release|Any CPU
		{C1AC5DFF-D464-4E6F-9C0B-4D25291CDAA8}.Release|x64.ActiveCfg = Release|x64
		{C1AC5DFF-D464-4E6F-9C0B-4D25291CDAA8}.Release|x64.Build.0 = Release|x64
		{C1AC5DFF-D464-4E6F-9C0B-4D25291CDAA8}.Release|x86.ActiveCfg = Release|x86
		{C1AC5DFF-D464-4E6F-9C0B-4D25291CDAA8}.Release|x86.Build.0 = Release|x86
		{9D03DF41-8D24-4D5E-8932-BAC6CE743D53}.Crno|Any CPU.ActiveCfg = Crno|Any CPU
		{9D03DF41-8D24-4D5E-8932-BAC6CE743D53}.Crno|Any CPU.Build.0 = Crno|Any CPU
		{9D03DF41-8D24-4D5E-8932-BAC6CE743D53}.Crno|x64.ActiveCfg = Crno|x64
		{9D03DF41-8D24-4D5E-8932-BAC6CE743D53}.Crno|x86.ActiveCfg = Crno|x86
		{9D03DF41-8D24-4D5E-8932-BAC6CE743D53}.Crno|x86.Build.0 = Crno|x86
		{9D03DF41-8D24-4D5E-8932-BAC6CE743D53}.Debug|Any CPU.ActiveCfg = Debug|Any CPU
		{9D03DF41-8D24-4D5E-8932-BAC6CE743D53}.Debug|Any CPU.Build.0 = Debug|Any CPU
		{9D03DF41-8D24-4D5E-8932-BAC6CE743D53}.Debug|x64.ActiveCfg = Debug|x64
		{9D03DF41-8D24-4D5E-8932-BAC6CE743D53}.Debug|x64.Build.0 = Debug|x64
		{9D03DF41-8D24-4D5E-8932-BAC6CE743D53}.Debug|x86.ActiveCfg = Debug|x86
		{9D03DF41-8D24-4D5E-8932-BAC6CE743D53}.Debug|x86.Build.0 = Debug|x86
		{9D03DF41-8D24-4D5E-8932-BAC6CE743D53}.Release|Any CPU.ActiveCfg = Release|Any CPU
		{9D03DF41-8D24-4D5E-8932-BAC6CE743D53}.Release|Any CPU.Build.0 = Release|Any CPU
		{9D03DF41-8D24-4D5E-8932-BAC6CE743D53}.Release|x64.ActiveCfg = Release|x64
		{9D03DF41-8D24-4D5E-8932-BAC6CE743D53}.Release|x64.Build.0 = Release|x64
		{9D03DF41-8D24-4D5E-8932-BAC6CE743D53}.Release|x86.ActiveCfg = Release|x86
		{9D03DF41-8D24-4D5E-8932-BAC6CE743D53}.Release|x86.Build.0 = Release|x86
		{D298F0B7-5CBC-40EB-B636-75430B7F142A}.Crno|Any CPU.ActiveCfg = Crno|Any CPU
		{D298F0B7-5CBC-40EB-B636-75430B7F142A}.Crno|Any CPU.Build.0 = Crno|Any CPU
		{D298F0B7-5CBC-40EB-B636-75430B7F142A}.Crno|x64.ActiveCfg = Crno|x64
		{D298F0B7-5CBC-40EB-B636-75430B7F142A}.Crno|x86.ActiveCfg = Crno|x86
		{D298F0B7-5CBC-40EB-B636-75430B7F142A}.Crno|x86.Build.0 = Crno|x86
		{D298F0B7-5CBC-40EB-B636-75430B7F142A}.Debug|Any CPU.ActiveCfg = Debug|Any CPU
		{D298F0B7-5CBC-40EB-B636-75430B7F142A}.Debug|Any CPU.Build.0 = Debug|Any CPU
		{D298F0B7-5CBC-40EB-B636-75430B7F142A}.Debug|x64.ActiveCfg = Debug|x64
		{D298F0B7-5CBC-40EB-B636-75430B7F142A}.Debug|x64.Build.0 = Debug|x64
		{D298F0B7-5CBC-40EB-B636-75430B7F142A}.Debug|x86.ActiveCfg = Debug|x86
		{D298F0B7-5CBC-40EB-B636-75430B7F142A}.Debug|x86.Build.0 = Debug|x86
		{D298F0B7-5CBC-40EB-B636-75430B7F142A}.Release|Any CPU.ActiveCfg = Release|Any CPU
		{D298F0B7-5CBC-40EB-B636-75430B7F142A}.Release|Any CPU.Build.0 = Release|Any CPU
		{D298F0B7-5CBC-40EB-B636-75430B7F142A}.Release|x64.ActiveCfg = Release|x64
		{D298F0B7-5CBC-40EB-B636-75430B7F142A}.Release|x64.Build.0 = Release|x64
		{D298F0B7-5CBC-40EB-B636-75430B7F142A}.Release|x86.ActiveCfg = Release|x86
		{D298F0B7-5CBC-40EB-B636-75430B7F142A}.Release|x86.Build.0 = Release|x86
		{DF179683-CB9A-4C61-B7EE-F5336B7FE105}.Crno|Any CPU.ActiveCfg = Crno|Any CPU
		{DF179683-CB9A-4C61-B7EE-F5336B7FE105}.Crno|Any CPU.Build.0 = Crno|Any CPU
		{DF179683-CB9A-4C61-B7EE-F5336B7FE105}.Crno|x64.ActiveCfg = Crno|Any CPU
		{DF179683-CB9A-4C61-B7EE-F5336B7FE105}.Crno|x86.ActiveCfg = Crno|Any CPU
		{DF179683-CB9A-4C61-B7EE-F5336B7FE105}.Crno|x86.Build.0 = Crno|Any CPU
		{DF179683-CB9A-4C61-B7EE-F5336B7FE105}.Debug|Any CPU.ActiveCfg = Debug|Any CPU
		{DF179683-CB9A-4C61-B7EE-F5336B7FE105}.Debug|Any CPU.Build.0 = Debug|Any CPU
		{DF179683-CB9A-4C61-B7EE-F5336B7FE105}.Debug|x64.ActiveCfg = Debug|Any CPU
		{DF179683-CB9A-4C61-B7EE-F5336B7FE105}.Debug|x64.Build.0 = Debug|Any CPU
		{DF179683-CB9A-4C61-B7EE-F5336B7FE105}.Debug|x86.ActiveCfg = Debug|Any CPU
		{DF179683-CB9A-4C61-B7EE-F5336B7FE105}.Debug|x86.Build.0 = Debug|Any CPU
		{DF179683-CB9A-4C61-B7EE-F5336B7FE105}.Release|Any CPU.ActiveCfg = Release|Any CPU
		{DF179683-CB9A-4C61-B7EE-F5336B7FE105}.Release|Any CPU.Build.0 = Release|Any CPU
		{DF179683-CB9A-4C61-B7EE-F5336B7FE105}.Release|x64.ActiveCfg = Release|Any CPU
		{DF179683-CB9A-4C61-B7EE-F5336B7FE105}.Release|x64.Build.0 = Release|Any CPU
		{DF179683-CB9A-4C61-B7EE-F5336B7FE105}.Release|x86.ActiveCfg = Release|Any CPU
		{DF179683-CB9A-4C61-B7EE-F5336B7FE105}.Release|x86.Build.0 = Release|Any CPU
		{FA210782-BECC-4CEA-8BFE-571F0D52A6E6}.Crno|Any CPU.ActiveCfg = Crno|Any CPU
		{FA210782-BECC-4CEA-8BFE-571F0D52A6E6}.Crno|Any CPU.Build.0 = Crno|Any CPU
		{FA210782-BECC-4CEA-8BFE-571F0D52A6E6}.Crno|x64.ActiveCfg = Crno|Any CPU
		{FA210782-BECC-4CEA-8BFE-571F0D52A6E6}.Crno|x86.ActiveCfg = Crno|Any CPU
		{FA210782-BECC-4CEA-8BFE-571F0D52A6E6}.Crno|x86.Build.0 = Crno|Any CPU
		{FA210782-BECC-4CEA-8BFE-571F0D52A6E6}.Debug|Any CPU.ActiveCfg = Debug|Any CPU
		{FA210782-BECC-4CEA-8BFE-571F0D52A6E6}.Debug|Any CPU.Build.0 = Debug|Any CPU
		{FA210782-BECC-4CEA-8BFE-571F0D52A6E6}.Debug|x64.ActiveCfg = Debug|Any CPU
		{FA210782-BECC-4CEA-8BFE-571F0D52A6E6}.Debug|x64.Build.0 = Debug|Any CPU
		{FA210782-BECC-4CEA-8BFE-571F0D52A6E6}.Debug|x86.ActiveCfg = Debug|Any CPU
		{FA210782-BECC-4CEA-8BFE-571F0D52A6E6}.Debug|x86.Build.0 = Debug|Any CPU
		{FA210782-BECC-4CEA-8BFE-571F0D52A6E6}.Release|Any CPU.ActiveCfg = Release|Any CPU
		{FA210782-BECC-4CEA-8BFE-571F0D52A6E6}.Release|Any CPU.Build.0 = Release|Any CPU
		{FA210782-BECC-4CEA-8BFE-571F0D52A6E6}.Release|x64.ActiveCfg = Release|Any CPU
		{FA210782-BECC-4CEA-8BFE-571F0D52A6E6}.Release|x64.Build.0 = Release|Any CPU
		{FA210782-BECC-4CEA-8BFE-571F0D52A6E6}.Release|x86.ActiveCfg = Release|Any CPU
		{FA210782-BECC-4CEA-8BFE-571F0D52A6E6}.Release|x86.Build.0 = Release|Any CPU
		{E26BD782-CFCB-4C84-852D-5010A2B43270}.Crno|Any CPU.ActiveCfg = Debug|Any CPU
		{E26BD782-CFCB-4C84-852D-5010A2B43270}.Crno|Any CPU.Build.0 = Debug|Any CPU
		{E26BD782-CFCB-4C84-852D-5010A2B43270}.Crno|x64.ActiveCfg = Debug|Any CPU
		{E26BD782-CFCB-4C84-852D-5010A2B43270}.Crno|x64.Build.0 = Debug|Any CPU
		{E26BD782-CFCB-4C84-852D-5010A2B43270}.Crno|x86.ActiveCfg = Debug|Any CPU
		{E26BD782-CFCB-4C84-852D-5010A2B43270}.Crno|x86.Build.0 = Debug|Any CPU
		{E26BD782-CFCB-4C84-852D-5010A2B43270}.Debug|Any CPU.ActiveCfg = Debug|Any CPU
		{E26BD782-CFCB-4C84-852D-5010A2B43270}.Debug|Any CPU.Build.0 = Debug|Any CPU
		{E26BD782-CFCB-4C84-852D-5010A2B43270}.Debug|x64.ActiveCfg = Debug|Any CPU
		{E26BD782-CFCB-4C84-852D-5010A2B43270}.Debug|x64.Build.0 = Debug|Any CPU
		{E26BD782-CFCB-4C84-852D-5010A2B43270}.Debug|x86.ActiveCfg = Debug|Any CPU
		{E26BD782-CFCB-4C84-852D-5010A2B43270}.Debug|x86.Build.0 = Debug|Any CPU
		{E26BD782-CFCB-4C84-852D-5010A2B43270}.Release|Any CPU.ActiveCfg = Release|Any CPU
		{E26BD782-CFCB-4C84-852D-5010A2B43270}.Release|Any CPU.Build.0 = Release|Any CPU
		{E26BD782-CFCB-4C84-852D-5010A2B43270}.Release|x64.ActiveCfg = Release|Any CPU
		{E26BD782-CFCB-4C84-852D-5010A2B43270}.Release|x64.Build.0 = Release|Any CPU
		{E26BD782-CFCB-4C84-852D-5010A2B43270}.Release|x86.ActiveCfg = Release|Any CPU
		{E26BD782-CFCB-4C84-852D-5010A2B43270}.Release|x86.Build.0 = Release|Any CPU
		{53C03211-E309-443A-8970-814C64A901C9}.Crno|Any CPU.ActiveCfg = Debug
		{53C03211-E309-443A-8970-814C64A901C9}.Crno|x64.ActiveCfg = Debug
		{53C03211-E309-443A-8970-814C64A901C9}.Crno|x86.ActiveCfg = Debug
		{53C03211-E309-443A-8970-814C64A901C9}.Debug|Any CPU.ActiveCfg = Debug
		{53C03211-E309-443A-8970-814C64A901C9}.Debug|x64.ActiveCfg = Debug
		{53C03211-E309-443A-8970-814C64A901C9}.Debug|x86.ActiveCfg = Debug
		{53C03211-E309-443A-8970-814C64A901C9}.Release|Any CPU.ActiveCfg = Release
		{53C03211-E309-443A-8970-814C64A901C9}.Release|x64.ActiveCfg = Release
		{53C03211-E309-443A-8970-814C64A901C9}.Release|x86.ActiveCfg = Release
		{F396F8CB-2D18-485B-8BAD-803D67D9B250}.Crno|Any CPU.ActiveCfg = Debug|Any CPU
		{F396F8CB-2D18-485B-8BAD-803D67D9B250}.Crno|Any CPU.Build.0 = Debug|Any CPU
		{F396F8CB-2D18-485B-8BAD-803D67D9B250}.Crno|x64.ActiveCfg = Debug|Any CPU
		{F396F8CB-2D18-485B-8BAD-803D67D9B250}.Crno|x64.Build.0 = Debug|Any CPU
		{F396F8CB-2D18-485B-8BAD-803D67D9B250}.Crno|x86.ActiveCfg = Debug|Any CPU
		{F396F8CB-2D18-485B-8BAD-803D67D9B250}.Crno|x86.Build.0 = Debug|Any CPU
		{F396F8CB-2D18-485B-8BAD-803D67D9B250}.Debug|Any CPU.ActiveCfg = Debug|Any CPU
		{F396F8CB-2D18-485B-8BAD-803D67D9B250}.Debug|Any CPU.Build.0 = Debug|Any CPU
		{F396F8CB-2D18-485B-8BAD-803D67D9B250}.Debug|x64.ActiveCfg = Debug|Any CPU
		{F396F8CB-2D18-485B-8BAD-803D67D9B250}.Debug|x64.Build.0 = Debug|Any CPU
		{F396F8CB-2D18-485B-8BAD-803D67D9B250}.Debug|x86.ActiveCfg = Debug|Any CPU
		{F396F8CB-2D18-485B-8BAD-803D67D9B250}.Debug|x86.Build.0 = Debug|Any CPU
		{F396F8CB-2D18-485B-8BAD-803D67D9B250}.Release|Any CPU.ActiveCfg = Release|Any CPU
		{F396F8CB-2D18-485B-8BAD-803D67D9B250}.Release|Any CPU.Build.0 = Release|Any CPU
		{F396F8CB-2D18-485B-8BAD-803D67D9B250}.Release|x64.ActiveCfg = Release|Any CPU
		{F396F8CB-2D18-485B-8BAD-803D67D9B250}.Release|x64.Build.0 = Release|Any CPU
		{F396F8CB-2D18-485B-8BAD-803D67D9B250}.Release|x86.ActiveCfg = Release|Any CPU
		{F396F8CB-2D18-485B-8BAD-803D67D9B250}.Release|x86.Build.0 = Release|Any CPU
	EndGlobalSection
	GlobalSection(SolutionProperties) = preSolution
		HideSolutionNode = FALSE
	EndGlobalSection
	GlobalSection(ExtensibilityGlobals) = postSolution
		SolutionGuid = {7B8B913A-C684-4B48-B609-CB05B683420E}
	EndGlobalSection
EndGlobal
